
Microsoft Visual Studio Solution File, Format Version 11.00
# Visual Studio 2010
Project("{FAE04EC0-301F-11D3-BF4B-00C04F79EFBC}") = "TextExtensions", "TextExtensions\TextExtensions.csproj", "{64BE8109-5AF6-4F54-8386-A2CF189937F1}"
EndProject
Global
	GlobalSection(SolutionConfigurationPlatforms) = preSolution
		Debug|Any CPU = Debug|Any CPU
		Release|Any CPU = Release|Any CPU
	EndGlobalSection
	GlobalSection(ProjectConfigurationPlatforms) = postSolution
		{64BE8109-5AF6-4F54-8386-A2CF189937F1}.Debug|Any CPU.ActiveCfg = Debug|Any CPU
		{64BE8109-5AF6-4F54-8386-A2CF189937F1}.Debug|Any CPU.Build.0 = Debug|Any CPU
		{64BE8109-5AF6-4F54-8386-A2CF189937F1}.Release|Any CPU.ActiveCfg = Release|Any CPU
		{64BE8109-5AF6-4F54-8386-A2CF189937F1}.Release|Any CPU.Build.0 = Release|Any CPU
	EndGlobalSection
	GlobalSection(SolutionProperties) = preSolution
		HideSolutionNode = FALSE
	EndGlobalSection
EndGlobal
